// !$*UTF8*$!
{
	archiveVersion = 1;
	classes = {
	};
	objectVersion = 46;
	objects = {

/* Begin PBXBuildFile section */
		BD66D5AC1A06466B00208BFE /* main.m in Sources */ = {isa = PBXBuildFile; fileRef = BD66D5AB1A06466B00208BFE /* main.m */; };
		BD66D5B41A06471900208BFE /* ZENWarpDirectory.m in Sources */ = {isa = PBXBuildFile; fileRef = BD66D5B31A06471900208BFE /* ZENWarpDirectory.m */; };
		BD66D5B71A06491100208BFE /* ZENArgumentsHandler.m in Sources */ = {isa = PBXBuildFile; fileRef = BD66D5B61A06491100208BFE /* ZENArgumentsHandler.m */; };
/* End PBXBuildFile section */

/* Begin PBXCopyFilesBuildPhase section */
		BD66D5A61A06466B00208BFE /* CopyFiles */ = {
			isa = PBXCopyFilesBuildPhase;
			buildActionMask = 2147483647;
			dstPath = /usr/share/man/man1/;
			dstSubfolderSpec = 0;
			files = (
			);
			runOnlyForDeploymentPostprocessing = 1;
		};
/* End PBXCopyFilesBuildPhase section */

/* Begin PBXFileReference section */
		BD66D5A81A06466B00208BFE /* wd */ = {isa = PBXFileReference; explicitFileType = "compiled.mach-o.executable"; includeInIndex = 0; path = wd; sourceTree = BUILT_PRODUCTS_DIR; };
		BD66D5AB1A06466B00208BFE /* main.m */ = {isa = PBXFileReference; lastKnownFileType = sourcecode.c.objc; path = main.m; sourceTree = "<group>"; };
		BD66D5B21A06471900208BFE /* ZENWarpDirectory.h */ = {isa = PBXFileReference; fileEncoding = 4; lastKnownFileType = sourcecode.c.h; path = ZENWarpDirectory.h; sourceTree = "<group>"; };
		BD66D5B31A06471900208BFE /* ZENWarpDirectory.m */ = {isa = PBXFileReference; fileEncoding = 4; lastKnownFileType = sourcecode.c.objc; path = ZENWarpDirectory.m; sourceTree = "<group>"; };
		BD66D5B51A06491100208BFE /* ZENArgumentsHandler.h */ = {isa = PBXFileReference; fileEncoding = 4; lastKnownFileType = sourcecode.c.h; path = ZENArgumentsHandler.h; sourceTree = "<group>"; };
		BD66D5B61A06491100208BFE /* ZENArgumentsHandler.m */ = {isa = PBXFileReference; fileEncoding = 4; lastKnownFileType = sourcecode.c.objc; path = ZENArgumentsHandler.m; sourceTree = "<group>"; };
/* End PBXFileReference section */

/* Begin PBXFrameworksBuildPhase section */
		BD66D5A51A06466B00208BFE /* Frameworks */ = {
			isa = PBXFrameworksBuildPhase;
			buildActionMask = 2147483647;
			files = (
			);
			runOnlyForDeploymentPostprocessing = 0;
		};
/* End PBXFrameworksBuildPhase section */

/* Begin PBXGroup section */
		BD66D59F1A06466B00208BFE = {
			isa = PBXGroup;
			children = (
				BD66D5AA1A06466B00208BFE /* wd */,
				BD66D5A91A06466B00208BFE /* Products */,
			);
			sourceTree = "<group>";
		};
		BD66D5A91A06466B00208BFE /* Products */ = {
			isa = PBXGroup;
			children = (
				BD66D5A81A06466B00208BFE /* wd */,
			);
			name = Products;
			sourceTree = "<group>";
		};
		BD66D5AA1A06466B00208BFE /* wd */ = {
			isa = PBXGroup;
			children = (
				BD66D5AB1A06466B00208BFE /* main.m */,
				BD66D5B51A06491100208BFE /* ZENArgumentsHandler.h */,
				BD66D5B61A06491100208BFE /* ZENArgumentsHandler.m */,
				BD66D5B21A06471900208BFE /* ZENWarpDirectory.h */,
				BD66D5B31A06471900208BFE /* ZENWarpDirectory.m */,
			);
			path = wd;
			sourceTree = "<group>";
		};
/* End PBXGroup section */

/* Begin PBXNativeTarget section */
		BD66D5A71A06466B00208BFE /* wd */ = {
			isa = PBXNativeTarget;
			buildConfigurationList = BD66D5AF1A06466B00208BFE /* Build configuration list for PBXNativeTarget "wd" */;
			buildPhases = (
				BD66D5A41A06466B00208BFE /* Sources */,
				BD66D5A51A06466B00208BFE /* Frameworks */,
				BD66D5A61A06466B00208BFE /* CopyFiles */,
			);
			buildRules = (
			);
			dependencies = (
			);
			name = wd;
			productName = wd;
			productReference = BD66D5A81A06466B00208BFE /* wd */;
			productType = "com.apple.product-type.tool";
		};
/* End PBXNativeTarget section */

/* Begin PBXProject section */
		BD66D5A01A06466B00208BFE /* Project object */ = {
			isa = PBXProject;
			attributes = {
				LastUpgradeCheck = 0610;
				ORGANIZATIONNAME = zenangst;
				TargetAttributes = {
					BD66D5A71A06466B00208BFE = {
						CreatedOnToolsVersion = 6.1;
					};
				};
			};
			buildConfigurationList = BD66D5A31A06466B00208BFE /* Build configuration list for PBXProject "wd" */;
			compatibilityVersion = "Xcode 3.2";
			developmentRegion = English;
			hasScannedForEncodings = 0;
			knownRegions = (
				en,
			);
			mainGroup = BD66D59F1A06466B00208BFE;
			productRefGroup = BD66D5A91A06466B00208BFE /* Products */;
			projectDirPath = "";
			projectRoot = "";
			targets = (
				BD66D5A71A06466B00208BFE /* wd */,
			);
		};
/* End PBXProject section */

/* Begin PBXSourcesBuildPhase section */
		BD66D5A41A06466B00208BFE /* Sources */ = {
			isa = PBXSourcesBuildPhase;
			buildActionMask = 2147483647;
			files = (
				BD66D5B71A06491100208BFE /* ZENArgumentsHandler.m in Sources */,
				BD66D5AC1A06466B00208BFE /* main.m in Sources */,
				BD66D5B41A06471900208BFE /* ZENWarpDirectory.m in Sources */,
			);
			runOnlyForDeploymentPostprocessing = 0;
		};
/* End PBXSourcesBuildPhase section */

/* Begin XCBuildConfiguration section */
		BD66D5AD1A06466B00208BFE /* Debug */ = {
			isa = XCBuildConfiguration;
			buildSettings = {
				ALWAYS_SEARCH_USER_PATHS = NO;
				CLANG_CXX_LANGUAGE_STANDARD = "gnu++0x";
				CLANG_CXX_LIBRARY = "libc++";
				CLANG_ENABLE_MODULES = YES;
				CLANG_ENABLE_OBJC_ARC = YES;
				CLANG_WARN_BOOL_CONVERSION = YES;
				CLANG_WARN_CONSTANT_CONVERSION = YES;
				CLANG_WARN_DIRECT_OBJC_ISA_USAGE = YES_ERROR;
				CLANG_WARN_EMPTY_BODY = YES;
				CLANG_WARN_ENUM_CONVERSION = YES;
				CLANG_WARN_INT_CONVERSION = YES;
				CLANG_WARN_OBJC_ROOT_CLASS = YES_ERROR;
				CLANG_WARN_UNREACHABLE_CODE = YES;
				CLANG_WARN__DUPLICATE_METHOD_MATCH = YES;
				COPY_PHASE_STRIP = NO;
				ENABLE_STRICT_OBJC_MSGSEND = YES;
				GCC_C_LANGUAGE_STANDARD = gnu99;
				GCC_DYNAMIC_NO_PIC = NO;
				GCC_OPTIMIZATION_LEVEL = 0;
				GCC_PREPROCESSOR_DEFINITIONS = (
					"DEBUG=1",
					"$(inherited)",
				);
				GCC_SYMBOLS_PRIVATE_EXTERN = NO;
				GCC_WARN_64_TO_32_BIT_CONVERSION = YES;
				GCC_WARN_ABOUT_RETURN_TYPE = YES_ERROR;
				GCC_WARN_UNDECLARED_SELECTOR = YES;
				GCC_WARN_UNINITIALIZED_AUTOS = YES_AGGRESSIVE;
				GCC_WARN_UNUSED_FUNCTION = YES;
				GCC_WARN_UNUSED_VARIABLE = YES;
				MACOSX_DEPLOYMENT_TARGET = 10.10;
				MTL_ENABLE_DEBUG_INFO = YES;
				ONLY_ACTIVE_ARCH = YES;
				SDKROOT = macosx;
			};
			name = Debug;
		};
		BD66D5AE1A06466B00208BFE /* Release */ = {
			isa = XCBuildConfiguration;
			buildSettings = {
				ALWAYS_SEARCH_USER_PATHS = NO;
				CLANG_CXX_LANGUAGE_STANDARD = "gnu++0x";
				CLANG_CXX_LIBRARY = "libc++";
				CLANG_ENABLE_MODULES = YES;
				CLANG_ENABLE_OBJC_ARC = YES;
				CLANG_WARN_BOOL_CONVERSION = YES;
				CLANG_WARN_CONSTANT_CONVERSION = YES;
				CLANG_WARN_DIRECT_OBJC_ISA_USAGE = YES_ERROR;
				CLANG_WARN_EMPTY_BODY = YES;
				CLANG_WARN_ENUM_CONVERSION = YES;
				CLANG_WARN_INT_CONVERSION = YES;
				CLANG_WARN_OBJC_ROOT_CLASS = YES_ERROR;
				CLANG_WARN_UNREACHABLE_CODE = YES;
				CLANG_WARN__DUPLICATE_METHOD_MATCH = YES;
				COPY_PHASE_STRIP = YES;
				DEBUG_INFORMATION_FORMAT = "dwarf-with-dsym";
				ENABLE_NS_ASSERTIONS = NO;
				ENABLE_STRICT_OBJC_MSGSEND = YES;
				GCC_C_LANGUAGE_STANDARD = gnu99;
				GCC_WARN_64_TO_32_BIT_CONVERSION = YES;
				GCC_WARN_ABOUT_RETURN_TYPE = YES_ERROR;
				GCC_WARN_UNDECLARED_SELECTOR = YES;
				GCC_WARN_UNINITIALIZED_AUTOS = YES_AGGRESSIVE;
				GCC_WARN_UNUSED_FUNCTION = YES;
				GCC_WARN_UNUSED_VARIABLE = YES;
				MACOSX_DEPLOYMENT_TARGET = 10.10;
				MTL_ENABLE_DEBUG_INFO = NO;
				SDKROOT = macosx;
			};
			name = Release;
		};
		BD66D5B01A06466B00208BFE /* Debug */ = {
			isa = XCBuildConfiguration;
			buildSettings = {
				PRODUCT_NAME = "$(TARGET_NAME)";
			};
			name = Debug;
		};
		BD66D5B11A06466B00208BFE /* Release */ = {
			isa = XCBuildConfiguration;
			buildSettings = {
				PRODUCT_NAME = "$(TARGET_NAME)";
			};
			name = Release;
		};
/* End XCBuildConfiguration section */

/* Begin XCConfigurationList section */
		BD66D5A31A06466B00208BFE /* Build configuration list for PBXProject "wd" */ = {
			isa = XCConfigurationList;
			buildConfigurations = (
				BD66D5AD1A06466B00208BFE /* Debug */,
				BD66D5AE1A06466B00208BFE /* Release */,
			);
			defaultConfigurationIsVisible = 0;
			defaultConfigurationName = Release;
		};
		BD66D5AF1A06466B00208BFE /* Build configuration list for PBXNativeTarget "wd" */ = {
			isa = XCConfigurationList;
			buildConfigurations = (
				BD66D5B01A06466B00208BFE /* Debug */,
				BD66D5B11A06466B00208BFE /* Release */,
			);
			defaultConfigurationIsVisible = 0;
		};
/* End XCConfigurationList section */
	};
	rootObject = BD66D5A01A06466B00208BFE /* Project object */;
}
